
Microsoft Visual Studio Solution File, Format Version 12.00
# Visual Studio Version 16
VisualStudioVersion = 16.0.32602.291
MinimumVisualStudioVersion = 10.0.40219.1
Project("{FAE04EC0-301F-11D3-BF4B-00C04F79EFBC}") = "DB_DigitalPhoto", "DB_DigitalPhoto.csproj", "{68F42392-DDBC-47AE-A075-F5FF1AA1CA85}"
EndProject
Global
	GlobalSection(SolutionConfigurationPlatforms) = preSolution
		Debug|Any CPU = Debug|Any CPU
		Release|Any CPU = Release|Any CPU
	EndGlobalSection
	GlobalSection(ProjectConfigurationPlatforms) = postSolution
		{68F42392-DDBC-47AE-A075-F5FF1AA1CA85}.Debug|Any CPU.ActiveCfg = Debug|Any CPU
		{68F42392-DDBC-47AE-A075-F5FF1AA1CA85}.Debug|Any CPU.Build.0 = Debug|Any CPU
		{68F42392-DDBC-47AE-A075-F5FF1AA1CA85}.Release|Any CPU.ActiveCfg = Release|Any CPU
		{68F42392-DDBC-47AE-A075-F5FF1AA1CA85}.Release|Any CPU.Build.0 = Release|Any CPU
	EndGlobalSection
	GlobalSection(SolutionProperties) = preSolution
		HideSolutionNode = FALSE
	EndGlobalSection
	GlobalSection(ExtensibilityGlobals) = postSolution
		SolutionGuid = {74CC429F-5EFF-4D9A-9925-6C18D14949D8}
	EndGlobalSection
EndGlobal
